
Microsoft Visual Studio Solution File, Format Version 12.00
# Visual Studio Version 17
VisualStudioVersion = 17.8.34511.84
MinimumVisualStudioVersion = 10.0.40219.1
Project("{FAE04EC0-301F-11D3-BF4B-00C04F79EFBC}") = "EjercicioExcepciones", "EjercicioExcepciones\EjercicioExcepciones.csproj", "{016C6D8B-DDFD-4CE2-8218-6563DB56776C}"
EndProject
Global
	GlobalSection(SolutionConfigurationPlatforms) = preSolution
		Debug|Any CPU = Debug|Any CPU
		Release|Any CPU = Release|Any CPU
	EndGlobalSection
	GlobalSection(ProjectConfigurationPlatforms) = postSolution
		{016C6D8B-DDFD-4CE2-8218-6563DB56776C}.Debug|Any CPU.ActiveCfg = Debug|Any CPU
		{016C6D8B-DDFD-4CE2-8218-6563DB56776C}.Debug|Any CPU.Build.0 = Debug|Any CPU
		{016C6D8B-DDFD-4CE2-8218-6563DB56776C}.Release|Any CPU.ActiveCfg = Release|Any CPU
		{016C6D8B-DDFD-4CE2-8218-6563DB56776C}.Release|Any CPU.Build.0 = Release|Any CPU
	EndGlobalSection
	GlobalSection(SolutionProperties) = preSolution
		HideSolutionNode = FALSE
	EndGlobalSection
	GlobalSection(ExtensibilityGlobals) = postSolution
		SolutionGuid = {1C2462D8-6883-4CFE-8EA2-160E5CD5C4C4}
	EndGlobalSection
EndGlobal
